
Microsoft Visual Studio Solution File, Format Version 12.00
# Visual Studio Version 17
VisualStudioVersion = 17.5.002.0
MinimumVisualStudioVersion = 10.0.40219.1
Project("{2150E333-8FDC-42A3-9474-1A3956D46DE8}") = "Fourtheen", "Fourtheen", "{FC76F80E-88F5-4078-8F7A-ACC3B2DC758E}"
EndProject
Project("{2150E333-8FDC-42A3-9474-1A3956D46DE8}") = "FourtheenASPNETCore", "FourtheenASPNETCore", "{2337A57F-7F79-44C4-8A86-DA712D8DA482}"
EndProject
Project("{9A19103F-16F7-4668-BE54-9A1E7A4F7556}") = "Fourtheen.API", "Fourtheen\FourtheenASPNETCore\Fourtheen.API\Fourtheen.API.csproj", "{715FC8AF-DB3B-4311-A098-07D599FF6723}"
EndProject
Global
	GlobalSection(SolutionConfigurationPlatforms) = preSolution
		Debug|Any CPU = Debug|Any CPU
		Release|Any CPU = Release|Any CPU
	EndGlobalSection
	GlobalSection(ProjectConfigurationPlatforms) = postSolution
		{715FC8AF-DB3B-4311-A098-07D599FF6723}.Debug|Any CPU.ActiveCfg = Debug|Any CPU
		{715FC8AF-DB3B-4311-A098-07D599FF6723}.Debug|Any CPU.Build.0 = Debug|Any CPU
		{715FC8AF-DB3B-4311-A098-07D599FF6723}.Release|Any CPU.ActiveCfg = Release|Any CPU
		{715FC8AF-DB3B-4311-A098-07D599FF6723}.Release|Any CPU.Build.0 = Release|Any CPU
	EndGlobalSection
	GlobalSection(SolutionProperties) = preSolution
		HideSolutionNode = FALSE
	EndGlobalSection
	GlobalSection(NestedProjects) = preSolution
		{2337A57F-7F79-44C4-8A86-DA712D8DA482} = {FC76F80E-88F5-4078-8F7A-ACC3B2DC758E}
		{715FC8AF-DB3B-4311-A098-07D599FF6723} = {2337A57F-7F79-44C4-8A86-DA712D8DA482}
	EndGlobalSection
	GlobalSection(ExtensibilityGlobals) = postSolution
		SolutionGuid = {FF269678-4ACA-4C83-9011-A4A584CB241B}
	EndGlobalSection
EndGlobal
